{
  "pins" : [
    {
      "identity" : "swiftformat",
      "kind" : "remoteSourceControl",
      "location" : "https://github.com/nicklockwood/SwiftFormat",
      "state" : {
        "revision" : "fef156a6135e584985ed26713dd2e9ee41f952cb",
        "version" : "0.53.0"
      }
    }
  ],
  "version" : 2
}
