PODS:
  - BlueprintUI (0.3.0)
  - BlueprintUI/Tests (0.3.0)
  - BlueprintUICommonControls (0.3.0):
    - BlueprintUI
  - BlueprintUICommonControls/SnapshotTests (0.3.0):
    - BlueprintUI

DEPENDENCIES:
  - BlueprintUI (from `./BlueprintUI.podspec`)
  - BlueprintUI/Tests (from `./BlueprintUI.podspec`)
  - BlueprintUICommonControls (from `./BlueprintUICommonControls.podspec`)
  - BlueprintUICommonControls/SnapshotTests (from `./BlueprintUICommonControls.podspec`)

EXTERNAL SOURCES:
  BlueprintUI:
    :path: "./BlueprintUI.podspec"
  BlueprintUICommonControls:
    :path: "./BlueprintUICommonControls.podspec"

SPEC CHECKSUMS:
  BlueprintUI: fce00cd8b9e73cf09462b8b74159b6d1f40d9f93
  BlueprintUICommonControls: c502dba54ddb9215ec7d7165fa17e5cee67784b4

PODFILE CHECKSUM: 9015a7dc774b3dcc6b0acb1655c4572fdf37841d

COCOAPODS: 1.8.4
