PODS:
  - BlueprintUI (0.2.2)
  - BlueprintUI/Tests (0.2.2)
  - BlueprintUICommonControls (0.2.2):
    - BlueprintUI
  - BlueprintUICommonControls/SnapshotTests (0.2.2):
    - BlueprintUI

DEPENDENCIES:
  - BlueprintUI (from `./BlueprintUI.podspec`)
  - BlueprintUI/Tests (from `./BlueprintUI.podspec`)
  - BlueprintUICommonControls (from `./BlueprintUICommonControls.podspec`)
  - BlueprintUICommonControls/SnapshotTests (from `./BlueprintUICommonControls.podspec`)

EXTERNAL SOURCES:
  BlueprintUI:
    :path: "./BlueprintUI.podspec"
  BlueprintUICommonControls:
    :path: "./BlueprintUICommonControls.podspec"

SPEC CHECKSUMS:
  BlueprintUI: 7151af48110e64529ed7c837c13721db08d97fd0
  BlueprintUICommonControls: bd1e5eadb7587abd460b9772ed584ccf21b4ea33

PODFILE CHECKSUM: 9015a7dc774b3dcc6b0acb1655c4572fdf37841d

COCOAPODS: 1.7.1
