PODS:
  - BlueprintUI (0.46.0)
  - BlueprintUI/Tests (0.46.0)
  - BlueprintUICommonControls (0.46.0):
    - BlueprintUI (= 0.46.0)

DEPENDENCIES:
  - BlueprintUI (from `../BlueprintUI.podspec`)
  - BlueprintUI/Tests (from `../BlueprintUI.podspec`)
  - BlueprintUICommonControls (from `../BlueprintUICommonControls.podspec`)

EXTERNAL SOURCES:
  BlueprintUI:
    :path: "../BlueprintUI.podspec"
  BlueprintUICommonControls:
    :path: "../BlueprintUICommonControls.podspec"

SPEC CHECKSUMS:
  BlueprintUI: 6fdea73f9109c8b41e3aee42ea0cf952393426c4
  BlueprintUICommonControls: f757b780d325b62175410d35e7e186ecf3360208

PODFILE CHECKSUM: 63720a1a50b146640cc4fcc4f36d3770895c7e0d

COCOAPODS: 1.11.2
