PODS:
  - BlueprintUI (0.39.0)
  - BlueprintUI/Tests (0.39.0)
  - BlueprintUICommonControls (0.39.0):
    - BlueprintUI (= 0.39.0)

DEPENDENCIES:
  - BlueprintUI (from `../BlueprintUI.podspec`)
  - BlueprintUI/Tests (from `../BlueprintUI.podspec`)
  - BlueprintUICommonControls (from `../BlueprintUICommonControls.podspec`)

EXTERNAL SOURCES:
  BlueprintUI:
    :path: "../BlueprintUI.podspec"
  BlueprintUICommonControls:
    :path: "../BlueprintUICommonControls.podspec"

SPEC CHECKSUMS:
  BlueprintUI: 2f779972f47f0161ac49e09524bcc542210aea84
  BlueprintUICommonControls: 46cef97b74b34d5c70683dd070032965ca3d4a85

PODFILE CHECKSUM: 63720a1a50b146640cc4fcc4f36d3770895c7e0d

COCOAPODS: 1.11.2
