PODS:
  - BlueprintUI (0.22.0)
  - BlueprintUI/Tests (0.22.0)
  - BlueprintUICommonControls (0.22.0):
    - BlueprintUI
  - BlueprintUICommonControls/Tests (0.22.0):
    - BlueprintUI

DEPENDENCIES:
  - BlueprintUI (from `../BlueprintUI.podspec`)
  - BlueprintUI/Tests (from `../BlueprintUI.podspec`)
  - BlueprintUICommonControls (from `../BlueprintUICommonControls.podspec`)
  - BlueprintUICommonControls/Tests (from `../BlueprintUICommonControls.podspec`)

EXTERNAL SOURCES:
  BlueprintUI:
    :path: "../BlueprintUI.podspec"
  BlueprintUICommonControls:
    :path: "../BlueprintUICommonControls.podspec"

SPEC CHECKSUMS:
  BlueprintUI: bcd9c2235ce72f0f6bbd5da842755bb1d54bc17a
  BlueprintUICommonControls: 4eb9651b4952e57eee327fc1dcaf56678d1093a5

PODFILE CHECKSUM: 097850f060da8c224b515d64a50cfda0b3012a79

COCOAPODS: 1.9.3
