{
  "pins" : [
    {
      "identity" : "swift-keyboard-observer",
      "kind" : "remoteSourceControl",
      "location" : "https://github.com/square/swift-keyboard-observer",
      "state" : {
        "revision" : "a4f4de6b0f7dacca7132672004ece83d027f4ad4",
        "version" : "1.1.0"
      }
    }
  ],
  "version" : 2
}
